{
  "version": 4,
  "terraform_version": "1.9.2",
  "serial": 26,
  "lineage": "ee2d95fb-3398-9aa9-b03e-98df299f2f20",
  "outputs": {},
  "resources": [
    {
      "mode": "data",
      "type": "nsxt_policy_transport_zone",
      "name": "overlay_transport_zone",
      "provider": "provider[\"registry.terraform.io/vmware/nsxt\"]",
      "instances": [
        {
          "schema_version": 0,
          "attributes": {
            "description": "",
            "display_name": "nsx-overlay-transportzone",
            "id": "1b3a2f36-bfd1-443e-a0f6-4de01abc963e",
            "is_default": false,
            "path": "/infra/sites/default/enforcement-points/default/transport-zones/1b3a2f36-bfd1-443e-a0f6-4de01abc963e",
            "site_path": null,
            "transport_type": "OVERLAY_STANDARD"
          },
          "sensitive_attributes": []
        }
      ]
    },
    {
      "mode": "data",
      "type": "vsphere_datacenter",
      "name": "datacenter",
      "provider": "provider[\"registry.terraform.io/hashicorp/vsphere\"]",
      "instances": [
        {
          "schema_version": 0,
          "attributes": {
            "id": "datacenter-3",
            "name": "SDDC-Datacenter"
          },
          "sensitive_attributes": []
        }
      ]
    },
    {
      "mode": "data",
      "type": "vsphere_distributed_virtual_switch",
      "name": "sfo-m01-cl01-vds01",
      "provider": "provider[\"registry.terraform.io/hashicorp/vsphere\"]",
      "instances": [
        {
          "schema_version": 0,
          "attributes": {
            "datacenter_id": "datacenter-3",
            "id": "50 35 65 5c 38 54 75 b9-34 a3 df d8 5f 00 b3 9f",
            "name": "sfo-m01-cl01-vds01",
            "uplinks": [
              "uplink1",
              "uplink2"
            ]
          },
          "sensitive_attributes": []
        }
      ]
    },
    {
      "mode": "managed",
      "type": "nsxt_failure_domain",
      "name": "FD1",
      "provider": "provider[\"registry.terraform.io/vmware/nsxt\"]",
      "instances": [
        {
          "schema_version": 0,
          "attributes": {
            "description": "FD1",
            "display_name": "FD1",
            "id": "c6f98923-9bde-4a22-9fcc-8aa957c6455d",
            "preferred_edge_services": "active",
            "revision": 0,
            "tag": [
              {
                "scope": "scope1",
                "tag": "tag1"
              }
            ]
          },
          "sensitive_attributes": [],
          "private": "bnVsbA=="
        }
      ]
    },
    {
      "mode": "managed",
      "type": "nsxt_failure_domain",
      "name": "FD2",
      "provider": "provider[\"registry.terraform.io/vmware/nsxt\"]",
      "instances": [
        {
          "schema_version": 0,
          "attributes": {
            "description": "FD2",
            "display_name": "FD2",
            "id": "34f10fd5-6858-448a-b448-787ba21f5d52",
            "preferred_edge_services": "active",
            "revision": 0,
            "tag": [
              {
                "scope": "scope2",
                "tag": "tag2"
              }
            ]
          },
          "sensitive_attributes": [],
          "private": "bnVsbA=="
        }
      ]
    },
    {
      "mode": "managed",
      "type": "nsxt_policy_ip_pool",
      "name": "WLD01-uplink-3129-aa",
      "provider": "provider[\"registry.terraform.io/vmware/nsxt\"]",
      "instances": [
        {
          "schema_version": 0,
          "attributes": {
            "context": [],
            "description": "",
            "display_name": "WLD01-uplink-3129-aa",
            "id": "2745197d-e385-4327-bc4a-40cf2e10b77a",
            "nsx_id": "2745197d-e385-4327-bc4a-40cf2e10b77a",
            "path": "/infra/ip-pools/2745197d-e385-4327-bc4a-40cf2e10b77a",
            "realized_id": "465b53dc-4874-4260-966f-8f03c677f945",
            "revision": 0,
            "tag": []
          },
          "sensitive_attributes": [],
          "private": "bnVsbA=="
        }
      ]
    },
    {
      "mode": "managed",
      "type": "nsxt_policy_ip_pool",
      "name": "WLD01-uplink-3130-aa",
      "provider": "provider[\"registry.terraform.io/vmware/nsxt\"]",
      "instances": [
        {
          "schema_version": 0,
          "attributes": {
            "context": [],
            "description": "",
            "display_name": "WLD01-uplink-3130-aa",
            "id": "1a992b9a-1371-4c20-9eda-01cfb096276a",
            "nsx_id": "1a992b9a-1371-4c20-9eda-01cfb096276a",
            "path": "/infra/ip-pools/1a992b9a-1371-4c20-9eda-01cfb096276a",
            "realized_id": "37f26261-3ffd-49fc-b070-e9b0aa60d1f3",
            "revision": 0,
            "tag": []
          },
          "sensitive_attributes": [],
          "private": "bnVsbA=="
        }
      ]
    },
    {
      "mode": "managed",
      "type": "nsxt_policy_ip_pool_static_subnet",
      "name": "subnet-3129-aa",
      "provider": "provider[\"registry.terraform.io/vmware/nsxt\"]",
      "instances": [
        {
          "schema_version": 0,
          "attributes": {
            "allocation_range": [
              {
                "end": "172.16.49.80",
                "start": "172.16.49.51"
              }
            ],
            "cidr": "172.16.49.0/24",
            "context": [],
            "description": "",
            "display_name": "subnet-3129-aa",
            "dns_nameservers": [],
            "dns_suffix": "",
            "gateway": "172.16.49.253",
            "id": "c912eff9-190e-4def-a595-5a343780bdcf",
            "nsx_id": "c912eff9-190e-4def-a595-5a343780bdcf",
            "path": "/infra/ip-pools/2745197d-e385-4327-bc4a-40cf2e10b77a/ip-subnets/c912eff9-190e-4def-a595-5a343780bdcf",
            "pool_path": "/infra/ip-pools/2745197d-e385-4327-bc4a-40cf2e10b77a",
            "revision": 0,
            "tag": []
          },
          "sensitive_attributes": [],
          "private": "bnVsbA==",
          "dependencies": [
            "nsxt_policy_ip_pool.WLD01-uplink-3129-aa"
          ]
        }
      ]
    },
    {
      "mode": "managed",
      "type": "nsxt_policy_ip_pool_static_subnet",
      "name": "subnet-3130-aa",
      "provider": "provider[\"registry.terraform.io/vmware/nsxt\"]",
      "instances": [
        {
          "schema_version": 0,
          "attributes": {
            "allocation_range": [
              {
                "end": "172.16.50.80",
                "start": "172.16.50.51"
              }
            ],
            "cidr": "172.16.50.0/24",
            "context": [],
            "description": "",
            "display_name": "subnet-3130-aa",
            "dns_nameservers": [],
            "dns_suffix": "",
            "gateway": "172.16.50.253",
            "id": "3454be9c-8013-4856-8537-7d9c2848f967",
            "nsx_id": "3454be9c-8013-4856-8537-7d9c2848f967",
            "path": "/infra/ip-pools/1a992b9a-1371-4c20-9eda-01cfb096276a/ip-subnets/3454be9c-8013-4856-8537-7d9c2848f967",
            "pool_path": "/infra/ip-pools/1a992b9a-1371-4c20-9eda-01cfb096276a",
            "revision": 0,
            "tag": []
          },
          "sensitive_attributes": [],
          "private": "bnVsbA==",
          "dependencies": [
            "nsxt_policy_ip_pool.WLD01-uplink-3130-aa"
          ]
        }
      ]
    },
    {
      "mode": "managed",
      "type": "nsxt_policy_uplink_host_switch_profile",
      "name": "WLD01-uplink-3129-aa",
      "provider": "provider[\"registry.terraform.io/vmware/nsxt\"]",
      "instances": [
        {
          "schema_version": 0,
          "attributes": {
            "description": "Uplink host switch profile provisioned by Terraform",
            "display_name": "WLD01-uplink-3129-aa",
            "id": "b86343d5-5a72-4841-8ba2-0dacb5681a43",
            "lag": [],
            "mtu": 1500,
            "named_teaming": [],
            "nsx_id": "b86343d5-5a72-4841-8ba2-0dacb5681a43",
            "overlay_encap": "GENEVE",
            "path": "/infra/host-switch-profiles/b86343d5-5a72-4841-8ba2-0dacb5681a43",
            "realized_id": "dde5550f-cb16-43ba-9707-58d9b8c09623",
            "revision": 1,
            "tag": [
              {
                "scope": "color",
                "tag": "blue"
              }
            ],
            "teaming": [
              {
                "active": [
                  {
                    "uplink_name": "uplink1",
                    "uplink_type": "PNIC"
                  },
                  {
                    "uplink_name": "uplink2",
                    "uplink_type": "PNIC"
                  }
                ],
                "policy": "FAILOVER_ORDER",
                "standby": []
              }
            ],
            "transport_vlan": 3129
          },
          "sensitive_attributes": [],
          "private": "bnVsbA=="
        }
      ]
    },
    {
      "mode": "managed",
      "type": "nsxt_policy_uplink_host_switch_profile",
      "name": "WLD01-uplink-3130-aa",
      "provider": "provider[\"registry.terraform.io/vmware/nsxt\"]",
      "instances": [
        {
          "schema_version": 0,
          "attributes": {
            "description": "Uplink host switch profile provisioned by Terraform",
            "display_name": "WLD01-uplink-3130-aa",
            "id": "1484ce89-a47d-4fa3-8993-e3774f67242f",
            "lag": [],
            "mtu": 1500,
            "named_teaming": [],
            "nsx_id": "1484ce89-a47d-4fa3-8993-e3774f67242f",
            "overlay_encap": "GENEVE",
            "path": "/infra/host-switch-profiles/1484ce89-a47d-4fa3-8993-e3774f67242f",
            "realized_id": "17895832-e671-4cc5-8fde-5f55887a8508",
            "revision": 3,
            "tag": [
              {
                "scope": "color",
                "tag": "blue"
              }
            ],
            "teaming": [
              {
                "active": [
                  {
                    "uplink_name": "uplink1",
                    "uplink_type": "PNIC"
                  },
                  {
                    "uplink_name": "uplink2",
                    "uplink_type": "PNIC"
                  }
                ],
                "policy": "LOADBALANCE_SRCID",
                "standby": []
              }
            ],
            "transport_vlan": 3130
          },
          "sensitive_attributes": [],
          "private": "bnVsbA=="
        }
      ]
    },
    {
      "mode": "managed",
      "type": "vsphere_distributed_port_group",
      "name": "pg",
      "provider": "provider[\"registry.terraform.io/hashicorp/vsphere\"]",
      "instances": [
        {
          "schema_version": 0,
          "attributes": {
            "active_uplinks": [
              "uplink1",
              "uplink2"
            ],
            "allow_forged_transmits": false,
            "allow_mac_changes": false,
            "allow_promiscuous": false,
            "auto_expand": true,
            "block_all_ports": false,
            "block_override_allowed": false,
            "check_beacon": false,
            "config_version": "1",
            "custom_attributes": {},
            "description": "",
            "directpath_gen2_allowed": false,
            "distributed_virtual_switch_uuid": "50 35 65 5c 38 54 75 b9-34 a3 df d8 5f 00 b3 9f",
            "egress_shaping_average_bandwidth": 100000000,
            "egress_shaping_burst_size": 104857600,
            "egress_shaping_enabled": false,
            "egress_shaping_peak_bandwidth": 100000000,
            "failback": true,
            "id": "dvportgroup-1058",
            "ingress_shaping_average_bandwidth": 100000000,
            "ingress_shaping_burst_size": 104857600,
            "ingress_shaping_enabled": false,
            "ingress_shaping_peak_bandwidth": 100000000,
            "key": "dvportgroup-1058",
            "lacp_enabled": false,
            "lacp_mode": "passive",
            "live_port_moving_allowed": false,
            "name": "pg1",
            "netflow_enabled": false,
            "netflow_override_allowed": false,
            "network_resource_pool_key": "-1",
            "network_resource_pool_override_allowed": false,
            "notify_switches": true,
            "number_of_ports": 0,
            "port_config_reset_at_disconnect": false,
            "port_name_format": "",
            "port_private_secondary_vlan_id": null,
            "security_policy_override_allowed": false,
            "shaping_override_allowed": false,
            "standby_uplinks": [],
            "tags": [],
            "teaming_policy": "loadbalance_srcid",
            "traffic_filter_override_allowed": false,
            "tx_uplink": false,
            "type": "earlyBinding",
            "uplink_teaming_override_allowed": false,
            "vlan_id": 1000,
            "vlan_override_allowed": false,
            "vlan_range": [
              {
                "max_vlan": 199,
                "min_vlan": 100
              },
              {
                "max_vlan": 399,
                "min_vlan": 300
              }
            ]
          },
          "sensitive_attributes": [],
          "private": "bnVsbA==",
          "dependencies": [
            "data.vsphere_datacenter.datacenter",
            "data.vsphere_distributed_virtual_switch.sfo-m01-cl01-vds01"
          ]
        }
      ]
    }
  ],
  "check_results": null
}
